
Microsoft Visual Studio Solution File, Format Version 12.00
# Visual Studio Version 17
VisualStudioVersion = 17.4.33213.308
MinimumVisualStudioVersion = 10.0.40219.1
Project("{FAE04EC0-301F-11D3-BF4B-00C04F79EFBC}") = "BookRepairWorkshop", "BookRepairWorkshop\BookRepairWorkshop.csproj", "{354CC5CB-AC96-462E-91C8-8C3E9C23B25E}"
EndProject
Project("{FAE04EC0-301F-11D3-BF4B-00C04F79EFBC}") = "BookRepairWorkshop.NUnitTests", "BookRepairWorkshop.NUnitTests\BookRepairWorkshop.NUnitTests.csproj", "{0ABFFAC9-48BD-4F58-AB88-8D24E4144C7C}"
EndProject
Global
	GlobalSection(SolutionConfigurationPlatforms) = preSolution
		Debug|Any CPU = Debug|Any CPU
		Release|Any CPU = Release|Any CPU
	EndGlobalSection
	GlobalSection(ProjectConfigurationPlatforms) = postSolution
		{354CC5CB-AC96-462E-91C8-8C3E9C23B25E}.Debug|Any CPU.ActiveCfg = Debug|Any CPU
		{354CC5CB-AC96-462E-91C8-8C3E9C23B25E}.Debug|Any CPU.Build.0 = Debug|Any CPU
		{354CC5CB-AC96-462E-91C8-8C3E9C23B25E}.Release|Any CPU.ActiveCfg = Release|Any CPU
		{354CC5CB-AC96-462E-91C8-8C3E9C23B25E}.Release|Any CPU.Build.0 = Release|Any CPU
		{0ABFFAC9-48BD-4F58-AB88-8D24E4144C7C}.Debug|Any CPU.ActiveCfg = Debug|Any CPU
		{0ABFFAC9-48BD-4F58-AB88-8D24E4144C7C}.Debug|Any CPU.Build.0 = Debug|Any CPU
		{0ABFFAC9-48BD-4F58-AB88-8D24E4144C7C}.Release|Any CPU.ActiveCfg = Release|Any CPU
		{0ABFFAC9-48BD-4F58-AB88-8D24E4144C7C}.Release|Any CPU.Build.0 = Release|Any CPU
	EndGlobalSection
	GlobalSection(SolutionProperties) = preSolution
		HideSolutionNode = FALSE
	EndGlobalSection
	GlobalSection(ExtensibilityGlobals) = postSolution
		SolutionGuid = {9D02057B-39F0-4435-8C9E-5977F31D8491}
	EndGlobalSection
EndGlobal
